
Microsoft Visual Studio Solution File, Format Version 12.00
# Visual Studio Version 16
VisualStudioVersion = 16.0.30330.147
MinimumVisualStudioVersion = 10.0.40219.1
Project("{8BC9CEB8-8B4A-11D0-8D11-00A0C91BC942}") = "Week1_Work1", "Week1_Work1\Week1_Work1.vcxproj", "{E0BC22C6-0573-49E0-9A09-AC5E70762CE9}"
EndProject
Global
	GlobalSection(SolutionConfigurationPlatforms) = preSolution
		Debug|x64 = Debug|x64
		Debug|x86 = Debug|x86
		Release|x64 = Release|x64
		Release|x86 = Release|x86
	EndGlobalSection
	GlobalSection(ProjectConfigurationPlatforms) = postSolution
		{E0BC22C6-0573-49E0-9A09-AC5E70762CE9}.Debug|x64.ActiveCfg = Debug|x64
		{E0BC22C6-0573-49E0-9A09-AC5E70762CE9}.Debug|x64.Build.0 = Debug|x64
		{E0BC22C6-0573-49E0-9A09-AC5E70762CE9}.Debug|x86.ActiveCfg = Debug|Win32
		{E0BC22C6-0573-49E0-9A09-AC5E70762CE9}.Debug|x86.Build.0 = Debug|Win32
		{E0BC22C6-0573-49E0-9A09-AC5E70762CE9}.Release|x64.ActiveCfg = Release|x64
		{E0BC22C6-0573-49E0-9A09-AC5E70762CE9}.Release|x64.Build.0 = Release|x64
		{E0BC22C6-0573-49E0-9A09-AC5E70762CE9}.Release|x86.ActiveCfg = Release|Win32
		{E0BC22C6-0573-49E0-9A09-AC5E70762CE9}.Release|x86.Build.0 = Release|Win32
	EndGlobalSection
	GlobalSection(SolutionProperties) = preSolution
		HideSolutionNode = FALSE
	EndGlobalSection
	GlobalSection(ExtensibilityGlobals) = postSolution
		SolutionGuid = {D567C3EB-7917-455C-B243-004400C447A5}
	EndGlobalSection
EndGlobal
